
Microsoft Visual Studio Solution File, Format Version 12.00
# Visual Studio Version 16
VisualStudioVersion = 16.0.32428.217
MinimumVisualStudioVersion = 10.0.40219.1
Project("{FAE04EC0-301F-11D3-BF4B-00C04F79EFBC}") = "OtherWork1", "OtherWork1\OtherWork1.csproj", "{F181CAB8-186B-4C2F-B096-AA32C9D18599}"
EndProject
Global
	GlobalSection(SolutionConfigurationPlatforms) = preSolution
		Debug|Any CPU = Debug|Any CPU
		Release|Any CPU = Release|Any CPU
	EndGlobalSection
	GlobalSection(ProjectConfigurationPlatforms) = postSolution
		{F181CAB8-186B-4C2F-B096-AA32C9D18599}.Debug|Any CPU.ActiveCfg = Debug|Any CPU
		{F181CAB8-186B-4C2F-B096-AA32C9D18599}.Debug|Any CPU.Build.0 = Debug|Any CPU
		{F181CAB8-186B-4C2F-B096-AA32C9D18599}.Release|Any CPU.ActiveCfg = Release|Any CPU
		{F181CAB8-186B-4C2F-B096-AA32C9D18599}.Release|Any CPU.Build.0 = Release|Any CPU
	EndGlobalSection
	GlobalSection(SolutionProperties) = preSolution
		HideSolutionNode = FALSE
	EndGlobalSection
	GlobalSection(ExtensibilityGlobals) = postSolution
		SolutionGuid = {CAE0C295-7C81-4F4C-BAD5-666B5023DCA1}
	EndGlobalSection
EndGlobal
